// !$*UTF8*$!
{
	archiveVersion = 1;
	classes = {
	};
	objectVersion = 46;
	objects = {

/* Begin PBXAggregateTarget section */
		D8A4627F18E4D84C00FF0F11 /* Documentation */ = {
			isa = PBXAggregateTarget;
			buildConfigurationList = D8A4628F18E4D84C00FF0F11 /* Build configuration list for PBXAggregateTarget "Documentation" */;
			buildPhases = (
				D8A4627E18E4D84C00FF0F11 /* ShellScript */,
			);
			dependencies = (
			);
			name = Documentation;
			productName = Documentation;
		};
/* End PBXAggregateTarget section */

/* Begin PBXBuildFile section */
		D8A4625018E4D84B00FF0F11 /* Foundation.framework in Frameworks */ = {isa = PBXBuildFile; fileRef = D8A4624F18E4D84B00FF0F11 /* Foundation.framework */; };
		D8A4625218E4D84B00FF0F11 /* CoreGraphics.framework in Frameworks */ = {isa = PBXBuildFile; fileRef = D8A4625118E4D84B00FF0F11 /* CoreGraphics.framework */; };
		D8A4625418E4D84B00FF0F11 /* UIKit.framework in Frameworks */ = {isa = PBXBuildFile; fileRef = D8A4625318E4D84B00FF0F11 /* UIKit.framework */; };
		D8A4627118E4D84C00FF0F11 /* XCTest.framework in Frameworks */ = {isa = PBXBuildFile; fileRef = D8A4627018E4D84C00FF0F11 /* XCTest.framework */; };
		D8A4627218E4D84C00FF0F11 /* Foundation.framework in Frameworks */ = {isa = PBXBuildFile; fileRef = D8A4624F18E4D84B00FF0F11 /* Foundation.framework */; };
		D8A4627318E4D84C00FF0F11 /* UIKit.framework in Frameworks */ = {isa = PBXBuildFile; fileRef = D8A4625318E4D84B00FF0F11 /* UIKit.framework */; };
		D8A4627B18E4D84C00FF0F11 /* InfoPlist.strings in Resources */ = {isa = PBXBuildFile; fileRef = D8A4627918E4D84C00FF0F11 /* InfoPlist.strings */; };
		D8A4627D18E4D84C00FF0F11 /* JOECurrencyUtilTests.m in Sources */ = {isa = PBXBuildFile; fileRef = D8A4627C18E4D84C00FF0F11 /* JOECurrencyUtilTests.m */; };
		D8A462AA18E4D8B900FF0F11 /* Main.storyboard in Resources */ = {isa = PBXBuildFile; fileRef = D8A4629418E4D8B900FF0F11 /* Main.storyboard */; };
		D8A462AB18E4D8B900FF0F11 /* InfoPlist.strings in Resources */ = {isa = PBXBuildFile; fileRef = D8A4629618E4D8B900FF0F11 /* InfoPlist.strings */; };
		D8A462AC18E4D8B900FF0F11 /* Images.xcassets in Resources */ = {isa = PBXBuildFile; fileRef = D8A4629818E4D8B900FF0F11 /* Images.xcassets */; };
		D8A462AD18E4D8B900FF0F11 /* JOEAppDelegate.m in Sources */ = {isa = PBXBuildFile; fileRef = D8A4629A18E4D8B900FF0F11 /* JOEAppDelegate.m */; };
		D8A462AF18E4D8B900FF0F11 /* ViewController.m in Sources */ = {isa = PBXBuildFile; fileRef = D8A4629E18E4D8B900FF0F11 /* ViewController.m */; };
		D8A462B018E4D8B900FF0F11 /* main.m in Sources */ = {isa = PBXBuildFile; fileRef = D8A4629F18E4D8B900FF0F11 /* main.m */; };
		D8A462B418E4D8B900FF0F11 /* JOECurrencyUtil.m in Sources */ = {isa = PBXBuildFile; fileRef = D8A462A618E4D8B900FF0F11 /* JOECurrencyUtil.m */; };
/* End PBXBuildFile section */

/* Begin PBXContainerItemProxy section */
		D8A4627418E4D84C00FF0F11 /* PBXContainerItemProxy */ = {
			isa = PBXContainerItemProxy;
			containerPortal = D8A4624418E4D84B00FF0F11 /* Project object */;
			proxyType = 1;
			remoteGlobalIDString = D8A4624B18E4D84B00FF0F11;
			remoteInfo = JOECurrencyUtil;
		};
/* End PBXContainerItemProxy section */

/* Begin PBXFileReference section */
		D8A4624C18E4D84B00FF0F11 /* JOECurrencyUtil.app */ = {isa = PBXFileReference; explicitFileType = wrapper.application; includeInIndex = 0; path = JOECurrencyUtil.app; sourceTree = BUILT_PRODUCTS_DIR; };
		D8A4624F18E4D84B00FF0F11 /* Foundation.framework */ = {isa = PBXFileReference; lastKnownFileType = wrapper.framework; name = Foundation.framework; path = System/Library/Frameworks/Foundation.framework; sourceTree = SDKROOT; };
		D8A4625118E4D84B00FF0F11 /* CoreGraphics.framework */ = {isa = PBXFileReference; lastKnownFileType = wrapper.framework; name = CoreGraphics.framework; path = System/Library/Frameworks/CoreGraphics.framework; sourceTree = SDKROOT; };
		D8A4625318E4D84B00FF0F11 /* UIKit.framework */ = {isa = PBXFileReference; lastKnownFileType = wrapper.framework; name = UIKit.framework; path = System/Library/Frameworks/UIKit.framework; sourceTree = SDKROOT; };
		D8A4626F18E4D84C00FF0F11 /* JOECurrencyUtilTests.xctest */ = {isa = PBXFileReference; explicitFileType = wrapper.cfbundle; includeInIndex = 0; path = JOECurrencyUtilTests.xctest; sourceTree = BUILT_PRODUCTS_DIR; };
		D8A4627018E4D84C00FF0F11 /* XCTest.framework */ = {isa = PBXFileReference; lastKnownFileType = wrapper.framework; name = XCTest.framework; path = Library/Frameworks/XCTest.framework; sourceTree = DEVELOPER_DIR; };
		D8A4627818E4D84C00FF0F11 /* JOECurrencyUtilTests-Info.plist */ = {isa = PBXFileReference; lastKnownFileType = text.plist.xml; path = "JOECurrencyUtilTests-Info.plist"; sourceTree = "<group>"; };
		D8A4627A18E4D84C00FF0F11 /* en */ = {isa = PBXFileReference; lastKnownFileType = text.plist.strings; name = en; path = en.lproj/InfoPlist.strings; sourceTree = "<group>"; };
		D8A4627C18E4D84C00FF0F11 /* JOECurrencyUtilTests.m */ = {isa = PBXFileReference; lastKnownFileType = sourcecode.c.objc; path = JOECurrencyUtilTests.m; sourceTree = "<group>"; };
		D8A4629518E4D8B900FF0F11 /* Base */ = {isa = PBXFileReference; lastKnownFileType = file.storyboard; name = Base; path = Base.lproj/Main.storyboard; sourceTree = "<group>"; };
		D8A4629718E4D8B900FF0F11 /* en */ = {isa = PBXFileReference; lastKnownFileType = text.plist.strings; name = en; path = en.lproj/InfoPlist.strings; sourceTree = "<group>"; };
		D8A4629818E4D8B900FF0F11 /* Images.xcassets */ = {isa = PBXFileReference; lastKnownFileType = folder.assetcatalog; path = Images.xcassets; sourceTree = "<group>"; };
		D8A4629918E4D8B900FF0F11 /* JOEAppDelegate.h */ = {isa = PBXFileReference; fileEncoding = 4; lastKnownFileType = sourcecode.c.h; path = JOEAppDelegate.h; sourceTree = "<group>"; };
		D8A4629A18E4D8B900FF0F11 /* JOEAppDelegate.m */ = {isa = PBXFileReference; fileEncoding = 4; lastKnownFileType = sourcecode.c.objc; path = JOEAppDelegate.m; sourceTree = "<group>"; };
		D8A4629B18E4D8B900FF0F11 /* JOECurrencyUtil-Info.plist */ = {isa = PBXFileReference; fileEncoding = 4; lastKnownFileType = text.plist.xml; path = "JOECurrencyUtil-Info.plist"; sourceTree = "<group>"; };
		D8A4629C18E4D8B900FF0F11 /* JOECurrencyUtil-Prefix.pch */ = {isa = PBXFileReference; fileEncoding = 4; lastKnownFileType = sourcecode.c.h; path = "JOECurrencyUtil-Prefix.pch"; sourceTree = "<group>"; };
		D8A4629D18E4D8B900FF0F11 /* ViewController.h */ = {isa = PBXFileReference; fileEncoding = 4; lastKnownFileType = sourcecode.c.h; path = ViewController.h; sourceTree = "<group>"; };
		D8A4629E18E4D8B900FF0F11 /* ViewController.m */ = {isa = PBXFileReference; fileEncoding = 4; lastKnownFileType = sourcecode.c.objc; path = ViewController.m; sourceTree = "<group>"; };
		D8A4629F18E4D8B900FF0F11 /* main.m */ = {isa = PBXFileReference; fileEncoding = 4; lastKnownFileType = sourcecode.c.objc; path = main.m; sourceTree = "<group>"; };
		D8A462A118E4D8B900FF0F11 /* Programming Guide-template.markdown */ = {isa = PBXFileReference; fileEncoding = 4; lastKnownFileType = text; path = "Programming Guide-template.markdown"; sourceTree = "<group>"; };
		D8A462A218E4D8B900FF0F11 /* Setup Guide-template.markdown */ = {isa = PBXFileReference; fileEncoding = 4; lastKnownFileType = text; path = "Setup Guide-template.markdown"; sourceTree = "<group>"; };
		D8A462A318E4D8B900FF0F11 /* AppledocSettings.plist */ = {isa = PBXFileReference; fileEncoding = 4; lastKnownFileType = text.plist.xml; name = AppledocSettings.plist; path = ../AppledocSettings.plist; sourceTree = "<group>"; };
		D8A462A518E4D8B900FF0F11 /* JOECurrencyUtil.h */ = {isa = PBXFileReference; fileEncoding = 4; lastKnownFileType = sourcecode.c.h; path = JOECurrencyUtil.h; sourceTree = "<group>"; };
		D8A462A618E4D8B900FF0F11 /* JOECurrencyUtil.m */ = {isa = PBXFileReference; fileEncoding = 4; lastKnownFileType = sourcecode.c.objc; path = JOECurrencyUtil.m; sourceTree = "<group>"; };
		D8A462A718E4D8B900FF0F11 /* Readme.markdown */ = {isa = PBXFileReference; fileEncoding = 4; lastKnownFileType = text; name = Readme.markdown; path = ../Readme.markdown; sourceTree = "<group>"; };
		D8A462A818E4D8B900FF0F11 /* LICENSE */ = {isa = PBXFileReference; fileEncoding = 4; lastKnownFileType = text; name = LICENSE; path = ../LICENSE; sourceTree = "<group>"; };
/* End PBXFileReference section */

/* Begin PBXFrameworksBuildPhase section */
		D8A4624918E4D84B00FF0F11 /* Frameworks */ = {
			isa = PBXFrameworksBuildPhase;
			buildActionMask = 2147483647;
			files = (
				D8A4625218E4D84B00FF0F11 /* CoreGraphics.framework in Frameworks */,
				D8A4625418E4D84B00FF0F11 /* UIKit.framework in Frameworks */,
				D8A4625018E4D84B00FF0F11 /* Foundation.framework in Frameworks */,
			);
			runOnlyForDeploymentPostprocessing = 0;
		};
		D8A4626C18E4D84C00FF0F11 /* Frameworks */ = {
			isa = PBXFrameworksBuildPhase;
			buildActionMask = 2147483647;
			files = (
				D8A4627118E4D84C00FF0F11 /* XCTest.framework in Frameworks */,
				D8A4627318E4D84C00FF0F11 /* UIKit.framework in Frameworks */,
				D8A4627218E4D84C00FF0F11 /* Foundation.framework in Frameworks */,
			);
			runOnlyForDeploymentPostprocessing = 0;
		};
/* End PBXFrameworksBuildPhase section */

/* Begin PBXGroup section */
		D8A4624318E4D84B00FF0F11 = {
			isa = PBXGroup;
			children = (
				D8A462A418E4D8B900FF0F11 /* JOECurrencyUtil */,
				D8A4629218E4D8B900FF0F11 /* Demo */,
				D8A462A018E4D8B900FF0F11 /* Documentation */,
				D8A4627618E4D84C00FF0F11 /* JOECurrencyUtilTests */,
				D8A4624E18E4D84B00FF0F11 /* Frameworks */,
				D8A4624D18E4D84B00FF0F11 /* Products */,
			);
			sourceTree = "<group>";
		};
		D8A4624D18E4D84B00FF0F11 /* Products */ = {
			isa = PBXGroup;
			children = (
				D8A4624C18E4D84B00FF0F11 /* JOECurrencyUtil.app */,
				D8A4626F18E4D84C00FF0F11 /* JOECurrencyUtilTests.xctest */,
			);
			name = Products;
			sourceTree = "<group>";
		};
		D8A4624E18E4D84B00FF0F11 /* Frameworks */ = {
			isa = PBXGroup;
			children = (
				D8A4624F18E4D84B00FF0F11 /* Foundation.framework */,
				D8A4625118E4D84B00FF0F11 /* CoreGraphics.framework */,
				D8A4625318E4D84B00FF0F11 /* UIKit.framework */,
				D8A4627018E4D84C00FF0F11 /* XCTest.framework */,
			);
			name = Frameworks;
			sourceTree = "<group>";
		};
		D8A4627618E4D84C00FF0F11 /* JOECurrencyUtilTests */ = {
			isa = PBXGroup;
			children = (
				D8A4627C18E4D84C00FF0F11 /* JOECurrencyUtilTests.m */,
				D8A4627718E4D84C00FF0F11 /* Supporting Files */,
			);
			path = JOECurrencyUtilTests;
			sourceTree = "<group>";
		};
		D8A4627718E4D84C00FF0F11 /* Supporting Files */ = {
			isa = PBXGroup;
			children = (
				D8A4627818E4D84C00FF0F11 /* JOECurrencyUtilTests-Info.plist */,
				D8A4627918E4D84C00FF0F11 /* InfoPlist.strings */,
			);
			name = "Supporting Files";
			sourceTree = "<group>";
		};
		D8A4629218E4D8B900FF0F11 /* Demo */ = {
			isa = PBXGroup;
			children = (
				D8A462B818E4D8FD00FF0F11 /* Application Delegate */,
				D8A462BA18E4D92000FF0F11 /* View Controllers */,
				D8A462B918E4D90B00FF0F11 /* Storyboards */,
				D8A462BB18E4D93400FF0F11 /* Resources */,
				D8A462BC18E4D93C00FF0F11 /* Supporting FIles */,
			);
			path = Demo;
			sourceTree = "<group>";
		};
		D8A462A018E4D8B900FF0F11 /* Documentation */ = {
			isa = PBXGroup;
			children = (
				D8A462A318E4D8B900FF0F11 /* AppledocSettings.plist */,
				D8A462A818E4D8B900FF0F11 /* LICENSE */,
				D8A462B718E4D8CF00FF0F11 /* Programming Guides */,
				D8A462A718E4D8B900FF0F11 /* Readme.markdown */,
			);
			path = Documentation;
			sourceTree = "<group>";
		};
		D8A462A418E4D8B900FF0F11 /* JOECurrencyUtil */ = {
			isa = PBXGroup;
			children = (
				D8A462A518E4D8B900FF0F11 /* JOECurrencyUtil.h */,
				D8A462A618E4D8B900FF0F11 /* JOECurrencyUtil.m */,
			);
			path = JOECurrencyUtil;
			sourceTree = "<group>";
		};
		D8A462B718E4D8CF00FF0F11 /* Programming Guides */ = {
			isa = PBXGroup;
			children = (
				D8A462A118E4D8B900FF0F11 /* Programming Guide-template.markdown */,
				D8A462A218E4D8B900FF0F11 /* Setup Guide-template.markdown */,
			);
			name = "Programming Guides";
			sourceTree = "<group>";
		};
		D8A462B818E4D8FD00FF0F11 /* Application Delegate */ = {
			isa = PBXGroup;
			children = (
				D8A4629918E4D8B900FF0F11 /* JOEAppDelegate.h */,
				D8A4629A18E4D8B900FF0F11 /* JOEAppDelegate.m */,
			);
			name = "Application Delegate";
			sourceTree = "<group>";
		};
		D8A462B918E4D90B00FF0F11 /* Storyboards */ = {
			isa = PBXGroup;
			children = (
				D8A4629418E4D8B900FF0F11 /* Main.storyboard */,
			);
			name = Storyboards;
			sourceTree = "<group>";
		};
		D8A462BA18E4D92000FF0F11 /* View Controllers */ = {
			isa = PBXGroup;
			children = (
				D8A4629D18E4D8B900FF0F11 /* ViewController.h */,
				D8A4629E18E4D8B900FF0F11 /* ViewController.m */,
			);
			name = "View Controllers";
			sourceTree = "<group>";
		};
		D8A462BB18E4D93400FF0F11 /* Resources */ = {
			isa = PBXGroup;
			children = (
				D8A4629818E4D8B900FF0F11 /* Images.xcassets */,
			);
			name = Resources;
			sourceTree = "<group>";
		};
		D8A462BC18E4D93C00FF0F11 /* Supporting FIles */ = {
			isa = PBXGroup;
			children = (
				D8A4629618E4D8B900FF0F11 /* InfoPlist.strings */,
				D8A4629B18E4D8B900FF0F11 /* JOECurrencyUtil-Info.plist */,
				D8A4629C18E4D8B900FF0F11 /* JOECurrencyUtil-Prefix.pch */,
				D8A4629F18E4D8B900FF0F11 /* main.m */,
			);
			name = "Supporting FIles";
			sourceTree = "<group>";
		};
/* End PBXGroup section */

/* Begin PBXNativeTarget section */
		D8A4624B18E4D84B00FF0F11 /* JOECurrencyUtil */ = {
			isa = PBXNativeTarget;
			buildConfigurationList = D8A4628918E4D84C00FF0F11 /* Build configuration list for PBXNativeTarget "JOECurrencyUtil" */;
			buildPhases = (
				D8A4624818E4D84B00FF0F11 /* Sources */,
				D8A4624918E4D84B00FF0F11 /* Frameworks */,
				D8A4624A18E4D84B00FF0F11 /* Resources */,
			);
			buildRules = (
			);
			dependencies = (
			);
			name = JOECurrencyUtil;
			productName = JOECurrencyUtil;
			productReference = D8A4624C18E4D84B00FF0F11 /* JOECurrencyUtil.app */;
			productType = "com.apple.product-type.application";
		};
		D8A4626E18E4D84C00FF0F11 /* JOECurrencyUtilTests */ = {
			isa = PBXNativeTarget;
			buildConfigurationList = D8A4628C18E4D84C00FF0F11 /* Build configuration list for PBXNativeTarget "JOECurrencyUtilTests" */;
			buildPhases = (
				D8A4626B18E4D84C00FF0F11 /* Sources */,
				D8A4626C18E4D84C00FF0F11 /* Frameworks */,
				D8A4626D18E4D84C00FF0F11 /* Resources */,
			);
			buildRules = (
			);
			dependencies = (
				D8A4627518E4D84C00FF0F11 /* PBXTargetDependency */,
			);
			name = JOECurrencyUtilTests;
			productName = JOECurrencyUtilTests;
			productReference = D8A4626F18E4D84C00FF0F11 /* JOECurrencyUtilTests.xctest */;
			productType = "com.apple.product-type.bundle.unit-test";
		};
/* End PBXNativeTarget section */

/* Begin PBXProject section */
		D8A4624418E4D84B00FF0F11 /* Project object */ = {
			isa = PBXProject;
			attributes = {
				CLASSPREFIX = JOE;
				LastUpgradeCheck = 0510;
				ORGANIZATIONNAME = "Joseph Collins";
				TargetAttributes = {
					D8A4626E18E4D84C00FF0F11 = {
						TestTargetID = D8A4624B18E4D84B00FF0F11;
					};
				};
			};
			buildConfigurationList = D8A4624718E4D84B00FF0F11 /* Build configuration list for PBXProject "JOECurrencyUtil" */;
			compatibilityVersion = "Xcode 3.2";
			developmentRegion = English;
			hasScannedForEncodings = 0;
			knownRegions = (
				en,
				Base,
			);
			mainGroup = D8A4624318E4D84B00FF0F11;
			productRefGroup = D8A4624D18E4D84B00FF0F11 /* Products */;
			projectDirPath = "";
			projectRoot = "";
			targets = (
				D8A4624B18E4D84B00FF0F11 /* JOECurrencyUtil */,
				D8A4626E18E4D84C00FF0F11 /* JOECurrencyUtilTests */,
				D8A4627F18E4D84C00FF0F11 /* Documentation */,
			);
		};
/* End PBXProject section */

/* Begin PBXResourcesBuildPhase section */
		D8A4624A18E4D84B00FF0F11 /* Resources */ = {
			isa = PBXResourcesBuildPhase;
			buildActionMask = 2147483647;
			files = (
				D8A462AC18E4D8B900FF0F11 /* Images.xcassets in Resources */,
				D8A462AB18E4D8B900FF0F11 /* InfoPlist.strings in Resources */,
				D8A462AA18E4D8B900FF0F11 /* Main.storyboard in Resources */,
			);
			runOnlyForDeploymentPostprocessing = 0;
		};
		D8A4626D18E4D84C00FF0F11 /* Resources */ = {
			isa = PBXResourcesBuildPhase;
			buildActionMask = 2147483647;
			files = (
				D8A4627B18E4D84C00FF0F11 /* InfoPlist.strings in Resources */,
			);
			runOnlyForDeploymentPostprocessing = 0;
		};
/* End PBXResourcesBuildPhase section */

/* Begin PBXShellScriptBuildPhase section */
		D8A4627E18E4D84C00FF0F11 /* ShellScript */ = {
			isa = PBXShellScriptBuildPhase;
			buildActionMask = 2147483647;
			files = (
			);
			inputPaths = (
			);
			outputPaths = (
			);
			runOnlyForDeploymentPostprocessing = 0;
			shellPath = /bin/sh;
			shellScript = "/usr/local/bin/appledoc \\\n--output \"${BUILD_DIR}/Documentation/\" \\\n\"${PROJECT_DIR}/Documentation\" \\\n\"${PROJECT_DIR}\"\necho \"Documentation Output directory: ${BUILD_DIR}/Documentation/\"\n// USER CONFIG\nSOURCE_DIR=\"co.ijoe.${PROJECT_NAME}.docset/Contents/Resources/\"\nDESTINATION_DIR=\"/Users/Joe/Work/iJoe.Co/Development/iJoe.Co Developer/Library/${PROJECT_NAME}\"\n// END USER CONFIG\ncd \"${BUILD_DIR}/Documentation/\"\nmkdir -p \"$DESTINATION_DIR\"\ncp -fR \"publish/\" \"$DESTINATION_DIR\"\ncd $SOURCE_DIR\ncp -fR \"Documents/\" \"$DESTINATION_DIR\"\ncd \"$DESTINATION_DIR\"\nopen -a Terminal\nosascript -e 'tell application \"Terminal\" to do script \"cd '\"'$DESTINATION_DIR'\"'; nano '\"${PROJECT_NAME}\"'.xml\"'";
		};
/* End PBXShellScriptBuildPhase section */

/* Begin PBXSourcesBuildPhase section */
		D8A4624818E4D84B00FF0F11 /* Sources */ = {
			isa = PBXSourcesBuildPhase;
			buildActionMask = 2147483647;
			files = (
				D8A462AD18E4D8B900FF0F11 /* JOEAppDelegate.m in Sources */,
				D8A462B018E4D8B900FF0F11 /* main.m in Sources */,
				D8A462AF18E4D8B900FF0F11 /* ViewController.m in Sources */,
				D8A462B418E4D8B900FF0F11 /* JOECurrencyUtil.m in Sources */,
			);
			runOnlyForDeploymentPostprocessing = 0;
		};
		D8A4626B18E4D84C00FF0F11 /* Sources */ = {
			isa = PBXSourcesBuildPhase;
			buildActionMask = 2147483647;
			files = (
				D8A4627D18E4D84C00FF0F11 /* JOECurrencyUtilTests.m in Sources */,
			);
			runOnlyForDeploymentPostprocessing = 0;
		};
/* End PBXSourcesBuildPhase section */

/* Begin PBXTargetDependency section */
		D8A4627518E4D84C00FF0F11 /* PBXTargetDependency */ = {
			isa = PBXTargetDependency;
			target = D8A4624B18E4D84B00FF0F11 /* JOECurrencyUtil */;
			targetProxy = D8A4627418E4D84C00FF0F11 /* PBXContainerItemProxy */;
		};
/* End PBXTargetDependency section */

/* Begin PBXVariantGroup section */
		D8A4627918E4D84C00FF0F11 /* InfoPlist.strings */ = {
			isa = PBXVariantGroup;
			children = (
				D8A4627A18E4D84C00FF0F11 /* en */,
			);
			name = InfoPlist.strings;
			sourceTree = "<group>";
		};
		D8A4629418E4D8B900FF0F11 /* Main.storyboard */ = {
			isa = PBXVariantGroup;
			children = (
				D8A4629518E4D8B900FF0F11 /* Base */,
			);
			name = Main.storyboard;
			sourceTree = "<group>";
		};
		D8A4629618E4D8B900FF0F11 /* InfoPlist.strings */ = {
			isa = PBXVariantGroup;
			children = (
				D8A4629718E4D8B900FF0F11 /* en */,
			);
			name = InfoPlist.strings;
			sourceTree = "<group>";
		};
/* End PBXVariantGroup section */

/* Begin XCBuildConfiguration section */
		D8A4628718E4D84C00FF0F11 /* Debug */ = {
			isa = XCBuildConfiguration;
			buildSettings = {
				ALWAYS_SEARCH_USER_PATHS = NO;
				CLANG_CXX_LANGUAGE_STANDARD = "gnu++0x";
				CLANG_CXX_LIBRARY = "libc++";
				CLANG_ENABLE_MODULES = YES;
				CLANG_ENABLE_OBJC_ARC = YES;
				CLANG_WARN_BOOL_CONVERSION = YES;
				CLANG_WARN_CONSTANT_CONVERSION = YES;
				CLANG_WARN_DIRECT_OBJC_ISA_USAGE = YES_ERROR;
				CLANG_WARN_EMPTY_BODY = YES;
				CLANG_WARN_ENUM_CONVERSION = YES;
				CLANG_WARN_INT_CONVERSION = YES;
				CLANG_WARN_OBJC_ROOT_CLASS = YES_ERROR;
				CLANG_WARN__DUPLICATE_METHOD_MATCH = YES;
				"CODE_SIGN_IDENTITY[sdk=iphoneos*]" = "iPhone Developer";
				COPY_PHASE_STRIP = NO;
				GCC_C_LANGUAGE_STANDARD = gnu99;
				GCC_DYNAMIC_NO_PIC = NO;
				GCC_OPTIMIZATION_LEVEL = 0;
				GCC_PREPROCESSOR_DEFINITIONS = (
					"DEBUG=1",
					"$(inherited)",
				);
				GCC_SYMBOLS_PRIVATE_EXTERN = NO;
				GCC_WARN_64_TO_32_BIT_CONVERSION = YES;
				GCC_WARN_ABOUT_RETURN_TYPE = YES_ERROR;
				GCC_WARN_UNDECLARED_SELECTOR = YES;
				GCC_WARN_UNINITIALIZED_AUTOS = YES_AGGRESSIVE;
				GCC_WARN_UNUSED_FUNCTION = YES;
				GCC_WARN_UNUSED_VARIABLE = YES;
				IPHONEOS_DEPLOYMENT_TARGET = 7.1;
				ONLY_ACTIVE_ARCH = YES;
				SDKROOT = iphoneos;
			};
			name = Debug;
		};
		D8A4628818E4D84C00FF0F11 /* Release */ = {
			isa = XCBuildConfiguration;
			buildSettings = {
				ALWAYS_SEARCH_USER_PATHS = NO;
				CLANG_CXX_LANGUAGE_STANDARD = "gnu++0x";
				CLANG_CXX_LIBRARY = "libc++";
				CLANG_ENABLE_MODULES = YES;
				CLANG_ENABLE_OBJC_ARC = YES;
				CLANG_WARN_BOOL_CONVERSION = YES;
				CLANG_WARN_CONSTANT_CONVERSION = YES;
				CLANG_WARN_DIRECT_OBJC_ISA_USAGE = YES_ERROR;
				CLANG_WARN_EMPTY_BODY = YES;
				CLANG_WARN_ENUM_CONVERSION = YES;
				CLANG_WARN_INT_CONVERSION = YES;
				CLANG_WARN_OBJC_ROOT_CLASS = YES_ERROR;
				CLANG_WARN__DUPLICATE_METHOD_MATCH = YES;
				"CODE_SIGN_IDENTITY[sdk=iphoneos*]" = "iPhone Developer";
				COPY_PHASE_STRIP = YES;
				ENABLE_NS_ASSERTIONS = NO;
				GCC_C_LANGUAGE_STANDARD = gnu99;
				GCC_WARN_64_TO_32_BIT_CONVERSION = YES;
				GCC_WARN_ABOUT_RETURN_TYPE = YES_ERROR;
				GCC_WARN_UNDECLARED_SELECTOR = YES;
				GCC_WARN_UNINITIALIZED_AUTOS = YES_AGGRESSIVE;
				GCC_WARN_UNUSED_FUNCTION = YES;
				GCC_WARN_UNUSED_VARIABLE = YES;
				IPHONEOS_DEPLOYMENT_TARGET = 7.1;
				SDKROOT = iphoneos;
				VALIDATE_PRODUCT = YES;
			};
			name = Release;
		};
		D8A4628A18E4D84C00FF0F11 /* Debug */ = {
			isa = XCBuildConfiguration;
			buildSettings = {
				ASSETCATALOG_COMPILER_APPICON_NAME = AppIcon;
				ASSETCATALOG_COMPILER_LAUNCHIMAGE_NAME = LaunchImage;
				GCC_PRECOMPILE_PREFIX_HEADER = YES;
				GCC_PREFIX_HEADER = "Demo/JOECurrencyUtil-Prefix.pch";
				INFOPLIST_FILE = "Demo/JOECurrencyUtil-Info.plist";
				PRODUCT_NAME = "$(TARGET_NAME)";
				WRAPPER_EXTENSION = app;
			};
			name = Debug;
		};
		D8A4628B18E4D84C00FF0F11 /* Release */ = {
			isa = XCBuildConfiguration;
			buildSettings = {
				ASSETCATALOG_COMPILER_APPICON_NAME = AppIcon;
				ASSETCATALOG_COMPILER_LAUNCHIMAGE_NAME = LaunchImage;
				GCC_PRECOMPILE_PREFIX_HEADER = YES;
				GCC_PREFIX_HEADER = "Demo/JOECurrencyUtil-Prefix.pch";
				INFOPLIST_FILE = "Demo/JOECurrencyUtil-Info.plist";
				PRODUCT_NAME = "$(TARGET_NAME)";
				WRAPPER_EXTENSION = app;
			};
			name = Release;
		};
		D8A4628D18E4D84C00FF0F11 /* Debug */ = {
			isa = XCBuildConfiguration;
			buildSettings = {
				BUNDLE_LOADER = "$(BUILT_PRODUCTS_DIR)/JOECurrencyUtil.app/JOECurrencyUtil";
				FRAMEWORK_SEARCH_PATHS = (
					"$(SDKROOT)/Developer/Library/Frameworks",
					"$(inherited)",
					"$(DEVELOPER_FRAMEWORKS_DIR)",
				);
				GCC_PRECOMPILE_PREFIX_HEADER = YES;
				GCC_PREFIX_HEADER = "Demo/JOECurrencyUtil-Prefix.pch";
				GCC_PREPROCESSOR_DEFINITIONS = (
					"DEBUG=1",
					"$(inherited)",
				);
				INFOPLIST_FILE = "JOECurrencyUtilTests/JOECurrencyUtilTests-Info.plist";
				PRODUCT_NAME = "$(TARGET_NAME)";
				TEST_HOST = "$(BUNDLE_LOADER)";
				WRAPPER_EXTENSION = xctest;
			};
			name = Debug;
		};
		D8A4628E18E4D84C00FF0F11 /* Release */ = {
			isa = XCBuildConfiguration;
			buildSettings = {
				BUNDLE_LOADER = "$(BUILT_PRODUCTS_DIR)/JOECurrencyUtil.app/JOECurrencyUtil";
				FRAMEWORK_SEARCH_PATHS = (
					"$(SDKROOT)/Developer/Library/Frameworks",
					"$(inherited)",
					"$(DEVELOPER_FRAMEWORKS_DIR)",
				);
				GCC_PRECOMPILE_PREFIX_HEADER = YES;
				GCC_PREFIX_HEADER = "Demo/JOECurrencyUtil-Prefix.pch";
				INFOPLIST_FILE = "JOECurrencyUtilTests/JOECurrencyUtilTests-Info.plist";
				PRODUCT_NAME = "$(TARGET_NAME)";
				TEST_HOST = "$(BUNDLE_LOADER)";
				WRAPPER_EXTENSION = xctest;
			};
			name = Release;
		};
		D8A4629018E4D84C00FF0F11 /* Debug */ = {
			isa = XCBuildConfiguration;
			buildSettings = {
				PRODUCT_NAME = "$(TARGET_NAME)";
			};
			name = Debug;
		};
		D8A4629118E4D84C00FF0F11 /* Release */ = {
			isa = XCBuildConfiguration;
			buildSettings = {
				PRODUCT_NAME = "$(TARGET_NAME)";
			};
			name = Release;
		};
/* End XCBuildConfiguration section */

/* Begin XCConfigurationList section */
		D8A4624718E4D84B00FF0F11 /* Build configuration list for PBXProject "JOECurrencyUtil" */ = {
			isa = XCConfigurationList;
			buildConfigurations = (
				D8A4628718E4D84C00FF0F11 /* Debug */,
				D8A4628818E4D84C00FF0F11 /* Release */,
			);
			defaultConfigurationIsVisible = 0;
			defaultConfigurationName = Release;
		};
		D8A4628918E4D84C00FF0F11 /* Build configuration list for PBXNativeTarget "JOECurrencyUtil" */ = {
			isa = XCConfigurationList;
			buildConfigurations = (
				D8A4628A18E4D84C00FF0F11 /* Debug */,
				D8A4628B18E4D84C00FF0F11 /* Release */,
			);
			defaultConfigurationIsVisible = 0;
		};
		D8A4628C18E4D84C00FF0F11 /* Build configuration list for PBXNativeTarget "JOECurrencyUtilTests" */ = {
			isa = XCConfigurationList;
			buildConfigurations = (
				D8A4628D18E4D84C00FF0F11 /* Debug */,
				D8A4628E18E4D84C00FF0F11 /* Release */,
			);
			defaultConfigurationIsVisible = 0;
		};
		D8A4628F18E4D84C00FF0F11 /* Build configuration list for PBXAggregateTarget "Documentation" */ = {
			isa = XCConfigurationList;
			buildConfigurations = (
				D8A4629018E4D84C00FF0F11 /* Debug */,
				D8A4629118E4D84C00FF0F11 /* Release */,
			);
			defaultConfigurationIsVisible = 0;
		};
/* End XCConfigurationList section */
	};
	rootObject = D8A4624418E4D84B00FF0F11 /* Project object */;
}
